// !$*UTF8*$!
{
	archiveVersion = 1;
	classes = {
	};
	objectVersion = 46;
	objects = {

/* Begin PBXBuildFile section */
		6D95BB0418F3DCF200EE9672 /* QWaveformPlayer.m in Sources */ = {isa = PBXBuildFile; fileRef = 6D95BB0318F3DCF200EE9672 /* QWaveformPlayer.m */; };
		6D95E01718F2838E0011833D /* Foundation.framework in Frameworks */ = {isa = PBXBuildFile; fileRef = 6D95E01618F2838E0011833D /* Foundation.framework */; };
		6D95E01918F2838E0011833D /* CoreGraphics.framework in Frameworks */ = {isa = PBXBuildFile; fileRef = 6D95E01818F2838E0011833D /* CoreGraphics.framework */; };
		6D95E01B18F2838E0011833D /* UIKit.framework in Frameworks */ = {isa = PBXBuildFile; fileRef = 6D95E01A18F2838E0011833D /* UIKit.framework */; };
		6D95E02118F2838E0011833D /* InfoPlist.strings in Resources */ = {isa = PBXBuildFile; fileRef = 6D95E01F18F2838E0011833D /* InfoPlist.strings */; };
		6D95E02318F2838E0011833D /* main.m in Sources */ = {isa = PBXBuildFile; fileRef = 6D95E02218F2838E0011833D /* main.m */; };
		6D95E02718F2838E0011833D /* AppDelegate.m in Sources */ = {isa = PBXBuildFile; fileRef = 6D95E02618F2838E0011833D /* AppDelegate.m */; };
		6D95E02918F2838E0011833D /* Images.xcassets in Resources */ = {isa = PBXBuildFile; fileRef = 6D95E02818F2838E0011833D /* Images.xcassets */; };
		6D95E03018F2838E0011833D /* XCTest.framework in Frameworks */ = {isa = PBXBuildFile; fileRef = 6D95E02F18F2838E0011833D /* XCTest.framework */; };
		6D95E03118F2838E0011833D /* Foundation.framework in Frameworks */ = {isa = PBXBuildFile; fileRef = 6D95E01618F2838E0011833D /* Foundation.framework */; };
		6D95E03218F2838E0011833D /* UIKit.framework in Frameworks */ = {isa = PBXBuildFile; fileRef = 6D95E01A18F2838E0011833D /* UIKit.framework */; };
		6D95E03A18F2838E0011833D /* InfoPlist.strings in Resources */ = {isa = PBXBuildFile; fileRef = 6D95E03818F2838E0011833D /* InfoPlist.strings */; };
		6D95E03C18F2838E0011833D /* QWaveformRecorderTests.m in Sources */ = {isa = PBXBuildFile; fileRef = 6D95E03B18F2838E0011833D /* QWaveformRecorderTests.m */; };
		6D95E04718F28BC30011833D /* CoreFoundation.framework in Frameworks */ = {isa = PBXBuildFile; fileRef = 6D95E04618F28BC30011833D /* CoreFoundation.framework */; };
		6D95E04918F28BCB0011833D /* AudioToolbox.framework in Frameworks */ = {isa = PBXBuildFile; fileRef = 6D95E04818F28BCB0011833D /* AudioToolbox.framework */; };
		6D95E04B18F28BD10011833D /* AVFoundation.framework in Frameworks */ = {isa = PBXBuildFile; fileRef = 6D95E04A18F28BD10011833D /* AVFoundation.framework */; };
		6D95E04D18F28BDB0011833D /* QuartzCore.framework in Frameworks */ = {isa = PBXBuildFile; fileRef = 6D95E04C18F28BDB0011833D /* QuartzCore.framework */; };
		6D95E05018F28C130011833D /* QWaveformRecorder.m in Sources */ = {isa = PBXBuildFile; fileRef = 6D95E04F18F28C130011833D /* QWaveformRecorder.m */; };
		6D95E05318F29EDC0011833D /* MainViewController.m in Sources */ = {isa = PBXBuildFile; fileRef = 6D95E05218F29EDC0011833D /* MainViewController.m */; };
/* End PBXBuildFile section */

/* Begin PBXContainerItemProxy section */
		6D95E03318F2838E0011833D /* PBXContainerItemProxy */ = {
			isa = PBXContainerItemProxy;
			containerPortal = 6D95E00B18F2838E0011833D /* Project object */;
			proxyType = 1;
			remoteGlobalIDString = 6D95E01218F2838E0011833D;
			remoteInfo = QWaveformRecorder;
		};
/* End PBXContainerItemProxy section */

/* Begin PBXFileReference section */
		6D95BB0218F3DCF200EE9672 /* QWaveformPlayer.h */ = {isa = PBXFileReference; fileEncoding = 4; lastKnownFileType = sourcecode.c.h; path = QWaveformPlayer.h; sourceTree = "<group>"; };
		6D95BB0318F3DCF200EE9672 /* QWaveformPlayer.m */ = {isa = PBXFileReference; fileEncoding = 4; lastKnownFileType = sourcecode.c.objc; path = QWaveformPlayer.m; sourceTree = "<group>"; };
		6D95BB0518F3E07500EE9672 /* QWaveformDefine.h */ = {isa = PBXFileReference; lastKnownFileType = sourcecode.c.h; path = QWaveformDefine.h; sourceTree = "<group>"; };
		6D95E01318F2838E0011833D /* QWaveformRecorder.app */ = {isa = PBXFileReference; explicitFileType = wrapper.application; includeInIndex = 0; path = QWaveformRecorder.app; sourceTree = BUILT_PRODUCTS_DIR; };
		6D95E01618F2838E0011833D /* Foundation.framework */ = {isa = PBXFileReference; lastKnownFileType = wrapper.framework; name = Foundation.framework; path = System/Library/Frameworks/Foundation.framework; sourceTree = SDKROOT; };
		6D95E01818F2838E0011833D /* CoreGraphics.framework */ = {isa = PBXFileReference; lastKnownFileType = wrapper.framework; name = CoreGraphics.framework; path = System/Library/Frameworks/CoreGraphics.framework; sourceTree = SDKROOT; };
		6D95E01A18F2838E0011833D /* UIKit.framework */ = {isa = PBXFileReference; lastKnownFileType = wrapper.framework; name = UIKit.framework; path = System/Library/Frameworks/UIKit.framework; sourceTree = SDKROOT; };
		6D95E01E18F2838E0011833D /* QWaveformRecorder-Info.plist */ = {isa = PBXFileReference; lastKnownFileType = text.plist.xml; path = "QWaveformRecorder-Info.plist"; sourceTree = "<group>"; };
		6D95E02018F2838E0011833D /* en */ = {isa = PBXFileReference; lastKnownFileType = text.plist.strings; name = en; path = en.lproj/InfoPlist.strings; sourceTree = "<group>"; };
		6D95E02218F2838E0011833D /* main.m */ = {isa = PBXFileReference; lastKnownFileType = sourcecode.c.objc; path = main.m; sourceTree = "<group>"; };
		6D95E02418F2838E0011833D /* QWaveformRecorder-Prefix.pch */ = {isa = PBXFileReference; lastKnownFileType = sourcecode.c.h; path = "QWaveformRecorder-Prefix.pch"; sourceTree = "<group>"; };
		6D95E02518F2838E0011833D /* AppDelegate.h */ = {isa = PBXFileReference; lastKnownFileType = sourcecode.c.h; path = AppDelegate.h; sourceTree = "<group>"; };
		6D95E02618F2838E0011833D /* AppDelegate.m */ = {isa = PBXFileReference; lastKnownFileType = sourcecode.c.objc; path = AppDelegate.m; sourceTree = "<group>"; };
		6D95E02818F2838E0011833D /* Images.xcassets */ = {isa = PBXFileReference; lastKnownFileType = folder.assetcatalog; path = Images.xcassets; sourceTree = "<group>"; };
		6D95E02E18F2838E0011833D /* QWaveformRecorderTests.xctest */ = {isa = PBXFileReference; explicitFileType = wrapper.cfbundle; includeInIndex = 0; path = QWaveformRecorderTests.xctest; sourceTree = BUILT_PRODUCTS_DIR; };
		6D95E02F18F2838E0011833D /* XCTest.framework */ = {isa = PBXFileReference; lastKnownFileType = wrapper.framework; name = XCTest.framework; path = Library/Frameworks/XCTest.framework; sourceTree = DEVELOPER_DIR; };
		6D95E03718F2838E0011833D /* QWaveformRecorderTests-Info.plist */ = {isa = PBXFileReference; lastKnownFileType = text.plist.xml; path = "QWaveformRecorderTests-Info.plist"; sourceTree = "<group>"; };
		6D95E03918F2838E0011833D /* en */ = {isa = PBXFileReference; lastKnownFileType = text.plist.strings; name = en; path = en.lproj/InfoPlist.strings; sourceTree = "<group>"; };
		6D95E03B18F2838E0011833D /* QWaveformRecorderTests.m */ = {isa = PBXFileReference; lastKnownFileType = sourcecode.c.objc; path = QWaveformRecorderTests.m; sourceTree = "<group>"; };
		6D95E04618F28BC30011833D /* CoreFoundation.framework */ = {isa = PBXFileReference; lastKnownFileType = wrapper.framework; name = CoreFoundation.framework; path = System/Library/Frameworks/CoreFoundation.framework; sourceTree = SDKROOT; };
		6D95E04818F28BCB0011833D /* AudioToolbox.framework */ = {isa = PBXFileReference; lastKnownFileType = wrapper.framework; name = AudioToolbox.framework; path = System/Library/Frameworks/AudioToolbox.framework; sourceTree = SDKROOT; };
		6D95E04A18F28BD10011833D /* AVFoundation.framework */ = {isa = PBXFileReference; lastKnownFileType = wrapper.framework; name = AVFoundation.framework; path = System/Library/Frameworks/AVFoundation.framework; sourceTree = SDKROOT; };
		6D95E04C18F28BDB0011833D /* QuartzCore.framework */ = {isa = PBXFileReference; lastKnownFileType = wrapper.framework; name = QuartzCore.framework; path = System/Library/Frameworks/QuartzCore.framework; sourceTree = SDKROOT; };
		6D95E04E18F28C130011833D /* QWaveformRecorder.h */ = {isa = PBXFileReference; fileEncoding = 4; lastKnownFileType = sourcecode.c.h; path = QWaveformRecorder.h; sourceTree = "<group>"; };
		6D95E04F18F28C130011833D /* QWaveformRecorder.m */ = {isa = PBXFileReference; fileEncoding = 4; lastKnownFileType = sourcecode.c.objc; path = QWaveformRecorder.m; sourceTree = "<group>"; };
		6D95E05118F29EDB0011833D /* MainViewController.h */ = {isa = PBXFileReference; fileEncoding = 4; lastKnownFileType = sourcecode.c.h; path = MainViewController.h; sourceTree = "<group>"; };
		6D95E05218F29EDC0011833D /* MainViewController.m */ = {isa = PBXFileReference; fileEncoding = 4; lastKnownFileType = sourcecode.c.objc; path = MainViewController.m; sourceTree = "<group>"; };
/* End PBXFileReference section */

/* Begin PBXFrameworksBuildPhase section */
		6D95E01018F2838E0011833D /* Frameworks */ = {
			isa = PBXFrameworksBuildPhase;
			buildActionMask = 2147483647;
			files = (
				6D95E04D18F28BDB0011833D /* QuartzCore.framework in Frameworks */,
				6D95E04B18F28BD10011833D /* AVFoundation.framework in Frameworks */,
				6D95E04918F28BCB0011833D /* AudioToolbox.framework in Frameworks */,
				6D95E04718F28BC30011833D /* CoreFoundation.framework in Frameworks */,
				6D95E01918F2838E0011833D /* CoreGraphics.framework in Frameworks */,
				6D95E01B18F2838E0011833D /* UIKit.framework in Frameworks */,
				6D95E01718F2838E0011833D /* Foundation.framework in Frameworks */,
			);
			runOnlyForDeploymentPostprocessing = 0;
		};
		6D95E02B18F2838E0011833D /* Frameworks */ = {
			isa = PBXFrameworksBuildPhase;
			buildActionMask = 2147483647;
			files = (
				6D95E03018F2838E0011833D /* XCTest.framework in Frameworks */,
				6D95E03218F2838E0011833D /* UIKit.framework in Frameworks */,
				6D95E03118F2838E0011833D /* Foundation.framework in Frameworks */,
			);
			runOnlyForDeploymentPostprocessing = 0;
		};
/* End PBXFrameworksBuildPhase section */

/* Begin PBXGroup section */
		6D95E00A18F2838E0011833D = {
			isa = PBXGroup;
			children = (
				6D95E01C18F2838E0011833D /* QWaveformRecorder */,
				6D95E03518F2838E0011833D /* QWaveformRecorderTests */,
				6D95E01518F2838E0011833D /* Frameworks */,
				6D95E01418F2838E0011833D /* Products */,
			);
			sourceTree = "<group>";
		};
		6D95E01418F2838E0011833D /* Products */ = {
			isa = PBXGroup;
			children = (
				6D95E01318F2838E0011833D /* QWaveformRecorder.app */,
				6D95E02E18F2838E0011833D /* QWaveformRecorderTests.xctest */,
			);
			name = Products;
			sourceTree = "<group>";
		};
		6D95E01518F2838E0011833D /* Frameworks */ = {
			isa = PBXGroup;
			children = (
				6D95E04C18F28BDB0011833D /* QuartzCore.framework */,
				6D95E04A18F28BD10011833D /* AVFoundation.framework */,
				6D95E04818F28BCB0011833D /* AudioToolbox.framework */,
				6D95E04618F28BC30011833D /* CoreFoundation.framework */,
				6D95E01618F2838E0011833D /* Foundation.framework */,
				6D95E01818F2838E0011833D /* CoreGraphics.framework */,
				6D95E01A18F2838E0011833D /* UIKit.framework */,
				6D95E02F18F2838E0011833D /* XCTest.framework */,
			);
			name = Frameworks;
			sourceTree = "<group>";
		};
		6D95E01C18F2838E0011833D /* QWaveformRecorder */ = {
			isa = PBXGroup;
			children = (
				6D95E04518F28AD30011833D /* QWaveformRecorder */,
				6D95E02518F2838E0011833D /* AppDelegate.h */,
				6D95E02618F2838E0011833D /* AppDelegate.m */,
				6D95E05118F29EDB0011833D /* MainViewController.h */,
				6D95E05218F29EDC0011833D /* MainViewController.m */,
				6D95E02818F2838E0011833D /* Images.xcassets */,
				6D95E01D18F2838E0011833D /* Supporting Files */,
			);
			path = QWaveformRecorder;
			sourceTree = "<group>";
		};
		6D95E01D18F2838E0011833D /* Supporting Files */ = {
			isa = PBXGroup;
			children = (
				6D95E01E18F2838E0011833D /* QWaveformRecorder-Info.plist */,
				6D95E01F18F2838E0011833D /* InfoPlist.strings */,
				6D95E02218F2838E0011833D /* main.m */,
				6D95E02418F2838E0011833D /* QWaveformRecorder-Prefix.pch */,
			);
			name = "Supporting Files";
			sourceTree = "<group>";
		};
		6D95E03518F2838E0011833D /* QWaveformRecorderTests */ = {
			isa = PBXGroup;
			children = (
				6D95E03B18F2838E0011833D /* QWaveformRecorderTests.m */,
				6D95E03618F2838E0011833D /* Supporting Files */,
			);
			path = QWaveformRecorderTests;
			sourceTree = "<group>";
		};
		6D95E03618F2838E0011833D /* Supporting Files */ = {
			isa = PBXGroup;
			children = (
				6D95E03718F2838E0011833D /* QWaveformRecorderTests-Info.plist */,
				6D95E03818F2838E0011833D /* InfoPlist.strings */,
			);
			name = "Supporting Files";
			sourceTree = "<group>";
		};
		6D95E04518F28AD30011833D /* QWaveformRecorder */ = {
			isa = PBXGroup;
			children = (
				6D95E04E18F28C130011833D /* QWaveformRecorder.h */,
				6D95E04F18F28C130011833D /* QWaveformRecorder.m */,
				6D95BB0218F3DCF200EE9672 /* QWaveformPlayer.h */,
				6D95BB0318F3DCF200EE9672 /* QWaveformPlayer.m */,
				6D95BB0518F3E07500EE9672 /* QWaveformDefine.h */,
			);
			path = QWaveformRecorder;
			sourceTree = "<group>";
		};
/* End PBXGroup section */

/* Begin PBXNativeTarget section */
		6D95E01218F2838E0011833D /* QWaveformRecorder */ = {
			isa = PBXNativeTarget;
			buildConfigurationList = 6D95E03F18F2838E0011833D /* Build configuration list for PBXNativeTarget "QWaveformRecorder" */;
			buildPhases = (
				6D95E00F18F2838E0011833D /* Sources */,
				6D95E01018F2838E0011833D /* Frameworks */,
				6D95E01118F2838E0011833D /* Resources */,
			);
			buildRules = (
			);
			dependencies = (
			);
			name = QWaveformRecorder;
			productName = QWaveformRecorder;
			productReference = 6D95E01318F2838E0011833D /* QWaveformRecorder.app */;
			productType = "com.apple.product-type.application";
		};
		6D95E02D18F2838E0011833D /* QWaveformRecorderTests */ = {
			isa = PBXNativeTarget;
			buildConfigurationList = 6D95E04218F2838E0011833D /* Build configuration list for PBXNativeTarget "QWaveformRecorderTests" */;
			buildPhases = (
				6D95E02A18F2838E0011833D /* Sources */,
				6D95E02B18F2838E0011833D /* Frameworks */,
				6D95E02C18F2838E0011833D /* Resources */,
			);
			buildRules = (
			);
			dependencies = (
				6D95E03418F2838E0011833D /* PBXTargetDependency */,
			);
			name = QWaveformRecorderTests;
			productName = QWaveformRecorderTests;
			productReference = 6D95E02E18F2838E0011833D /* QWaveformRecorderTests.xctest */;
			productType = "com.apple.product-type.bundle.unit-test";
		};
/* End PBXNativeTarget section */

/* Begin PBXProject section */
		6D95E00B18F2838E0011833D /* Project object */ = {
			isa = PBXProject;
			attributes = {
				LastUpgradeCheck = 0510;
				ORGANIZATIONNAME = kayac;
				TargetAttributes = {
					6D95E02D18F2838E0011833D = {
						TestTargetID = 6D95E01218F2838E0011833D;
					};
				};
			};
			buildConfigurationList = 6D95E00E18F2838E0011833D /* Build configuration list for PBXProject "QWaveformRecorder" */;
			compatibilityVersion = "Xcode 3.2";
			developmentRegion = English;
			hasScannedForEncodings = 0;
			knownRegions = (
				en,
			);
			mainGroup = 6D95E00A18F2838E0011833D;
			productRefGroup = 6D95E01418F2838E0011833D /* Products */;
			projectDirPath = "";
			projectRoot = "";
			targets = (
				6D95E01218F2838E0011833D /* QWaveformRecorder */,
				6D95E02D18F2838E0011833D /* QWaveformRecorderTests */,
			);
		};
/* End PBXProject section */

/* Begin PBXResourcesBuildPhase section */
		6D95E01118F2838E0011833D /* Resources */ = {
			isa = PBXResourcesBuildPhase;
			buildActionMask = 2147483647;
			files = (
				6D95E02118F2838E0011833D /* InfoPlist.strings in Resources */,
				6D95E02918F2838E0011833D /* Images.xcassets in Resources */,
			);
			runOnlyForDeploymentPostprocessing = 0;
		};
		6D95E02C18F2838E0011833D /* Resources */ = {
			isa = PBXResourcesBuildPhase;
			buildActionMask = 2147483647;
			files = (
				6D95E03A18F2838E0011833D /* InfoPlist.strings in Resources */,
			);
			runOnlyForDeploymentPostprocessing = 0;
		};
/* End PBXResourcesBuildPhase section */

/* Begin PBXSourcesBuildPhase section */
		6D95E00F18F2838E0011833D /* Sources */ = {
			isa = PBXSourcesBuildPhase;
			buildActionMask = 2147483647;
			files = (
				6D95E05018F28C130011833D /* QWaveformRecorder.m in Sources */,
				6D95E02718F2838E0011833D /* AppDelegate.m in Sources */,
				6D95E02318F2838E0011833D /* main.m in Sources */,
				6D95E05318F29EDC0011833D /* MainViewController.m in Sources */,
				6D95BB0418F3DCF200EE9672 /* QWaveformPlayer.m in Sources */,
			);
			runOnlyForDeploymentPostprocessing = 0;
		};
		6D95E02A18F2838E0011833D /* Sources */ = {
			isa = PBXSourcesBuildPhase;
			buildActionMask = 2147483647;
			files = (
				6D95E03C18F2838E0011833D /* QWaveformRecorderTests.m in Sources */,
			);
			runOnlyForDeploymentPostprocessing = 0;
		};
/* End PBXSourcesBuildPhase section */

/* Begin PBXTargetDependency section */
		6D95E03418F2838E0011833D /* PBXTargetDependency */ = {
			isa = PBXTargetDependency;
			target = 6D95E01218F2838E0011833D /* QWaveformRecorder */;
			targetProxy = 6D95E03318F2838E0011833D /* PBXContainerItemProxy */;
		};
/* End PBXTargetDependency section */

/* Begin PBXVariantGroup section */
		6D95E01F18F2838E0011833D /* InfoPlist.strings */ = {
			isa = PBXVariantGroup;
			children = (
				6D95E02018F2838E0011833D /* en */,
			);
			name = InfoPlist.strings;
			sourceTree = "<group>";
		};
		6D95E03818F2838E0011833D /* InfoPlist.strings */ = {
			isa = PBXVariantGroup;
			children = (
				6D95E03918F2838E0011833D /* en */,
			);
			name = InfoPlist.strings;
			sourceTree = "<group>";
		};
/* End PBXVariantGroup section */

/* Begin XCBuildConfiguration section */
		6D95E03D18F2838E0011833D /* Debug */ = {
			isa = XCBuildConfiguration;
			buildSettings = {
				ALWAYS_SEARCH_USER_PATHS = NO;
				CLANG_CXX_LANGUAGE_STANDARD = "gnu++0x";
				CLANG_CXX_LIBRARY = "libc++";
				CLANG_ENABLE_MODULES = YES;
				CLANG_ENABLE_OBJC_ARC = YES;
				CLANG_WARN_BOOL_CONVERSION = YES;
				CLANG_WARN_CONSTANT_CONVERSION = YES;
				CLANG_WARN_DIRECT_OBJC_ISA_USAGE = YES_ERROR;
				CLANG_WARN_EMPTY_BODY = YES;
				CLANG_WARN_ENUM_CONVERSION = YES;
				CLANG_WARN_INT_CONVERSION = YES;
				CLANG_WARN_OBJC_ROOT_CLASS = YES_ERROR;
				CLANG_WARN__DUPLICATE_METHOD_MATCH = YES;
				"CODE_SIGN_IDENTITY[sdk=iphoneos*]" = "iPhone Developer";
				COPY_PHASE_STRIP = NO;
				GCC_C_LANGUAGE_STANDARD = gnu99;
				GCC_DYNAMIC_NO_PIC = NO;
				GCC_OPTIMIZATION_LEVEL = 0;
				GCC_PREPROCESSOR_DEFINITIONS = (
					"DEBUG=1",
					"$(inherited)",
				);
				GCC_SYMBOLS_PRIVATE_EXTERN = NO;
				GCC_WARN_64_TO_32_BIT_CONVERSION = YES;
				GCC_WARN_ABOUT_RETURN_TYPE = YES_ERROR;
				GCC_WARN_UNDECLARED_SELECTOR = YES;
				GCC_WARN_UNINITIALIZED_AUTOS = YES_AGGRESSIVE;
				GCC_WARN_UNUSED_FUNCTION = YES;
				GCC_WARN_UNUSED_VARIABLE = YES;
				IPHONEOS_DEPLOYMENT_TARGET = 7.1;
				ONLY_ACTIVE_ARCH = YES;
				SDKROOT = iphoneos;
			};
			name = Debug;
		};
		6D95E03E18F2838E0011833D /* Release */ = {
			isa = XCBuildConfiguration;
			buildSettings = {
				ALWAYS_SEARCH_USER_PATHS = NO;
				CLANG_CXX_LANGUAGE_STANDARD = "gnu++0x";
				CLANG_CXX_LIBRARY = "libc++";
				CLANG_ENABLE_MODULES = YES;
				CLANG_ENABLE_OBJC_ARC = YES;
				CLANG_WARN_BOOL_CONVERSION = YES;
				CLANG_WARN_CONSTANT_CONVERSION = YES;
				CLANG_WARN_DIRECT_OBJC_ISA_USAGE = YES_ERROR;
				CLANG_WARN_EMPTY_BODY = YES;
				CLANG_WARN_ENUM_CONVERSION = YES;
				CLANG_WARN_INT_CONVERSION = YES;
				CLANG_WARN_OBJC_ROOT_CLASS = YES_ERROR;
				CLANG_WARN__DUPLICATE_METHOD_MATCH = YES;
				"CODE_SIGN_IDENTITY[sdk=iphoneos*]" = "iPhone Developer";
				COPY_PHASE_STRIP = YES;
				ENABLE_NS_ASSERTIONS = NO;
				GCC_C_LANGUAGE_STANDARD = gnu99;
				GCC_WARN_64_TO_32_BIT_CONVERSION = YES;
				GCC_WARN_ABOUT_RETURN_TYPE = YES_ERROR;
				GCC_WARN_UNDECLARED_SELECTOR = YES;
				GCC_WARN_UNINITIALIZED_AUTOS = YES_AGGRESSIVE;
				GCC_WARN_UNUSED_FUNCTION = YES;
				GCC_WARN_UNUSED_VARIABLE = YES;
				IPHONEOS_DEPLOYMENT_TARGET = 7.1;
				SDKROOT = iphoneos;
				VALIDATE_PRODUCT = YES;
			};
			name = Release;
		};
		6D95E04018F2838E0011833D /* Debug */ = {
			isa = XCBuildConfiguration;
			buildSettings = {
				ASSETCATALOG_COMPILER_APPICON_NAME = AppIcon;
				ASSETCATALOG_COMPILER_LAUNCHIMAGE_NAME = LaunchImage;
				GCC_PRECOMPILE_PREFIX_HEADER = YES;
				GCC_PREFIX_HEADER = "QWaveformRecorder/QWaveformRecorder-Prefix.pch";
				INFOPLIST_FILE = "QWaveformRecorder/QWaveformRecorder-Info.plist";
				IPHONEOS_DEPLOYMENT_TARGET = 6.0;
				PRODUCT_NAME = "$(TARGET_NAME)";
				WRAPPER_EXTENSION = app;
			};
			name = Debug;
		};
		6D95E04118F2838E0011833D /* Release */ = {
			isa = XCBuildConfiguration;
			buildSettings = {
				ASSETCATALOG_COMPILER_APPICON_NAME = AppIcon;
				ASSETCATALOG_COMPILER_LAUNCHIMAGE_NAME = LaunchImage;
				GCC_PRECOMPILE_PREFIX_HEADER = YES;
				GCC_PREFIX_HEADER = "QWaveformRecorder/QWaveformRecorder-Prefix.pch";
				INFOPLIST_FILE = "QWaveformRecorder/QWaveformRecorder-Info.plist";
				IPHONEOS_DEPLOYMENT_TARGET = 6.0;
				PRODUCT_NAME = "$(TARGET_NAME)";
				WRAPPER_EXTENSION = app;
			};
			name = Release;
		};
		6D95E04318F2838E0011833D /* Debug */ = {
			isa = XCBuildConfiguration;
			buildSettings = {
				BUNDLE_LOADER = "$(BUILT_PRODUCTS_DIR)/QWaveformRecorder.app/QWaveformRecorder";
				FRAMEWORK_SEARCH_PATHS = (
					"$(SDKROOT)/Developer/Library/Frameworks",
					"$(inherited)",
					"$(DEVELOPER_FRAMEWORKS_DIR)",
				);
				GCC_PRECOMPILE_PREFIX_HEADER = YES;
				GCC_PREFIX_HEADER = "QWaveformRecorder/QWaveformRecorder-Prefix.pch";
				GCC_PREPROCESSOR_DEFINITIONS = (
					"DEBUG=1",
					"$(inherited)",
				);
				INFOPLIST_FILE = "QWaveformRecorderTests/QWaveformRecorderTests-Info.plist";
				PRODUCT_NAME = "$(TARGET_NAME)";
				TEST_HOST = "$(BUNDLE_LOADER)";
				WRAPPER_EXTENSION = xctest;
			};
			name = Debug;
		};
		6D95E04418F2838E0011833D /* Release */ = {
			isa = XCBuildConfiguration;
			buildSettings = {
				BUNDLE_LOADER = "$(BUILT_PRODUCTS_DIR)/QWaveformRecorder.app/QWaveformRecorder";
				FRAMEWORK_SEARCH_PATHS = (
					"$(SDKROOT)/Developer/Library/Frameworks",
					"$(inherited)",
					"$(DEVELOPER_FRAMEWORKS_DIR)",
				);
				GCC_PRECOMPILE_PREFIX_HEADER = YES;
				GCC_PREFIX_HEADER = "QWaveformRecorder/QWaveformRecorder-Prefix.pch";
				INFOPLIST_FILE = "QWaveformRecorderTests/QWaveformRecorderTests-Info.plist";
				PRODUCT_NAME = "$(TARGET_NAME)";
				TEST_HOST = "$(BUNDLE_LOADER)";
				WRAPPER_EXTENSION = xctest;
			};
			name = Release;
		};
/* End XCBuildConfiguration section */

/* Begin XCConfigurationList section */
		6D95E00E18F2838E0011833D /* Build configuration list for PBXProject "QWaveformRecorder" */ = {
			isa = XCConfigurationList;
			buildConfigurations = (
				6D95E03D18F2838E0011833D /* Debug */,
				6D95E03E18F2838E0011833D /* Release */,
			);
			defaultConfigurationIsVisible = 0;
			defaultConfigurationName = Release;
		};
		6D95E03F18F2838E0011833D /* Build configuration list for PBXNativeTarget "QWaveformRecorder" */ = {
			isa = XCConfigurationList;
			buildConfigurations = (
				6D95E04018F2838E0011833D /* Debug */,
				6D95E04118F2838E0011833D /* Release */,
			);
			defaultConfigurationIsVisible = 0;
			defaultConfigurationName = Release;
		};
		6D95E04218F2838E0011833D /* Build configuration list for PBXNativeTarget "QWaveformRecorderTests" */ = {
			isa = XCConfigurationList;
			buildConfigurations = (
				6D95E04318F2838E0011833D /* Debug */,
				6D95E04418F2838E0011833D /* Release */,
			);
			defaultConfigurationIsVisible = 0;
			defaultConfigurationName = Release;
		};
/* End XCConfigurationList section */
	};
	rootObject = 6D95E00B18F2838E0011833D /* Project object */;
}
